// !$*UTF8*$!
{
	archiveVersion = 1;
	classes = {
	};
	objectVersion = 55;
	objects = {

/* Begin PBXBuildFile section */
		BB068AD02962722D00CF2FF8 /* TwitterApp.swift in Sources */ = {isa = PBXBuildFile; fileRef = BB068ACF2962722D00CF2FF8 /* TwitterApp.swift */; };
		BB068AD22962722D00CF2FF8 /* ContentView.swift in Sources */ = {isa = PBXBuildFile; fileRef = BB068AD12962722D00CF2FF8 /* ContentView.swift */; };
		BB068AD42962723000CF2FF8 /* Assets.xcassets in Resources */ = {isa = PBXBuildFile; fileRef = BB068AD32962723000CF2FF8 /* Assets.xcassets */; };
		BB068AD72962723000CF2FF8 /* Preview Assets.xcassets in Resources */ = {isa = PBXBuildFile; fileRef = BB068AD62962723000CF2FF8 /* Preview Assets.xcassets */; };
		BB068AE6296272D400CF2FF8 /* FeedView.swift in Sources */ = {isa = PBXBuildFile; fileRef = BB068AE5296272D400CF2FF8 /* FeedView.swift */; };
		BB068AE92962749200CF2FF8 /* TweetsRowView.swift in Sources */ = {isa = PBXBuildFile; fileRef = BB068AE82962749200CF2FF8 /* TweetsRowView.swift */; };
		BB068AEC296373A400CF2FF8 /* MainTabView.swift in Sources */ = {isa = PBXBuildFile; fileRef = BB068AEB296373A400CF2FF8 /* MainTabView.swift */; };
		BB068AF22963785E00CF2FF8 /* ExploreView.swift in Sources */ = {isa = PBXBuildFile; fileRef = BB068AF12963785E00CF2FF8 /* ExploreView.swift */; };
		BB068AF42963789300CF2FF8 /* NotificationsView.swift in Sources */ = {isa = PBXBuildFile; fileRef = BB068AF32963789300CF2FF8 /* NotificationsView.swift */; };
		BB068AF6296378A400CF2FF8 /* MessagesView.swift in Sources */ = {isa = PBXBuildFile; fileRef = BB068AF5296378A400CF2FF8 /* MessagesView.swift */; };
		BB068AFA29637C6A00CF2FF8 /* ProfileView.swift in Sources */ = {isa = PBXBuildFile; fileRef = BB068AF929637C6A00CF2FF8 /* ProfileView.swift */; };
		BB068AFC2963C7F800CF2FF8 /* TweetFilterViewModel.swift in Sources */ = {isa = PBXBuildFile; fileRef = BB068AFB2963C7F800CF2FF8 /* TweetFilterViewModel.swift */; };
		BB068B01296429CD00CF2FF8 /* UserRowView.swift in Sources */ = {isa = PBXBuildFile; fileRef = BB068B00296429CD00CF2FF8 /* UserRowView.swift */; };
		BB068B062964885F00CF2FF8 /* SideMenuView.swift in Sources */ = {isa = PBXBuildFile; fileRef = BB068B052964885F00CF2FF8 /* SideMenuView.swift */; };
		BB068B082964886E00CF2FF8 /* SideMenuRowView.swift in Sources */ = {isa = PBXBuildFile; fileRef = BB068B072964886E00CF2FF8 /* SideMenuRowView.swift */; };
		BB068B0A2964887800CF2FF8 /* SideMenuViewModel.swift in Sources */ = {isa = PBXBuildFile; fileRef = BB068B092964887800CF2FF8 /* SideMenuViewModel.swift */; };
		BB068B0C2964A4CD00CF2FF8 /* UserStatsView.swift in Sources */ = {isa = PBXBuildFile; fileRef = BB068B0B2964A4CD00CF2FF8 /* UserStatsView.swift */; };
/* End PBXBuildFile section */

/* Begin PBXFileReference section */
		BB068ACC2962722D00CF2FF8 /* Twitter.app */ = {isa = PBXFileReference; explicitFileType = wrapper.application; includeInIndex = 0; path = Twitter.app; sourceTree = BUILT_PRODUCTS_DIR; };
		BB068ACF2962722D00CF2FF8 /* TwitterApp.swift */ = {isa = PBXFileReference; lastKnownFileType = sourcecode.swift; path = TwitterApp.swift; sourceTree = "<group>"; };
		BB068AD12962722D00CF2FF8 /* ContentView.swift */ = {isa = PBXFileReference; lastKnownFileType = sourcecode.swift; path = ContentView.swift; sourceTree = "<group>"; };
		BB068AD32962723000CF2FF8 /* Assets.xcassets */ = {isa = PBXFileReference; lastKnownFileType = folder.assetcatalog; path = Assets.xcassets; sourceTree = "<group>"; };
		BB068AD62962723000CF2FF8 /* Preview Assets.xcassets */ = {isa = PBXFileReference; lastKnownFileType = folder.assetcatalog; path = "Preview Assets.xcassets"; sourceTree = "<group>"; };
		BB068AE5296272D400CF2FF8 /* FeedView.swift */ = {isa = PBXFileReference; lastKnownFileType = sourcecode.swift; path = FeedView.swift; sourceTree = "<group>"; };
		BB068AE82962749200CF2FF8 /* TweetsRowView.swift */ = {isa = PBXFileReference; lastKnownFileType = sourcecode.swift; path = TweetsRowView.swift; sourceTree = "<group>"; };
		BB068AEB296373A400CF2FF8 /* MainTabView.swift */ = {isa = PBXFileReference; lastKnownFileType = sourcecode.swift; path = MainTabView.swift; sourceTree = "<group>"; };
		BB068AF12963785E00CF2FF8 /* ExploreView.swift */ = {isa = PBXFileReference; lastKnownFileType = sourcecode.swift; path = ExploreView.swift; sourceTree = "<group>"; };
		BB068AF32963789300CF2FF8 /* NotificationsView.swift */ = {isa = PBXFileReference; lastKnownFileType = sourcecode.swift; path = NotificationsView.swift; sourceTree = "<group>"; };
		BB068AF5296378A400CF2FF8 /* MessagesView.swift */ = {isa = PBXFileReference; lastKnownFileType = sourcecode.swift; path = MessagesView.swift; sourceTree = "<group>"; };
		BB068AF929637C6A00CF2FF8 /* ProfileView.swift */ = {isa = PBXFileReference; lastKnownFileType = sourcecode.swift; path = ProfileView.swift; sourceTree = "<group>"; };
		BB068AFB2963C7F800CF2FF8 /* TweetFilterViewModel.swift */ = {isa = PBXFileReference; lastKnownFileType = sourcecode.swift; path = TweetFilterViewModel.swift; sourceTree = "<group>"; };
		BB068B00296429CD00CF2FF8 /* UserRowView.swift */ = {isa = PBXFileReference; lastKnownFileType = sourcecode.swift; path = UserRowView.swift; sourceTree = "<group>"; };
		BB068B052964885F00CF2FF8 /* SideMenuView.swift */ = {isa = PBXFileReference; lastKnownFileType = sourcecode.swift; path = SideMenuView.swift; sourceTree = "<group>"; };
		BB068B072964886E00CF2FF8 /* SideMenuRowView.swift */ = {isa = PBXFileReference; lastKnownFileType = sourcecode.swift; path = SideMenuRowView.swift; sourceTree = "<group>"; };
		BB068B092964887800CF2FF8 /* SideMenuViewModel.swift */ = {isa = PBXFileReference; lastKnownFileType = sourcecode.swift; path = SideMenuViewModel.swift; sourceTree = "<group>"; };
		BB068B0B2964A4CD00CF2FF8 /* UserStatsView.swift */ = {isa = PBXFileReference; lastKnownFileType = sourcecode.swift; path = UserStatsView.swift; sourceTree = "<group>"; };
/* End PBXFileReference section */

/* Begin PBXFrameworksBuildPhase section */
		BB068AC92962722D00CF2FF8 /* Frameworks */ = {
			isa = PBXFrameworksBuildPhase;
			buildActionMask = 2147483647;
			files = (
			);
			runOnlyForDeploymentPostprocessing = 0;
		};
/* End PBXFrameworksBuildPhase section */

/* Begin PBXGroup section */
		BB068AC32962722D00CF2FF8 = {
			isa = PBXGroup;
			children = (
				BB068ACE2962722D00CF2FF8 /* Twitter */,
				BB068ACD2962722D00CF2FF8 /* Products */,
			);
			sourceTree = "<group>";
		};
		BB068ACD2962722D00CF2FF8 /* Products */ = {
			isa = PBXGroup;
			children = (
				BB068ACC2962722D00CF2FF8 /* Twitter.app */,
			);
			name = Products;
			sourceTree = "<group>";
		};
		BB068ACE2962722D00CF2FF8 /* Twitter */ = {
			isa = PBXGroup;
			children = (
				BB068AE02962724E00CF2FF8 /* Extensions */,
				BB068ADF2962724C00CF2FF8 /* Model */,
				BB068ADE2962724900CF2FF8 /* Service */,
				BB068ADD2962724200CF2FF8 /* Core */,
				BB068ACF2962722D00CF2FF8 /* TwitterApp.swift */,
				BB068AD12962722D00CF2FF8 /* ContentView.swift */,
				BB068AD32962723000CF2FF8 /* Assets.xcassets */,
				BB068AD52962723000CF2FF8 /* Preview Content */,
			);
			path = Twitter;
			sourceTree = "<group>";
		};
		BB068AD52962723000CF2FF8 /* Preview Content */ = {
			isa = PBXGroup;
			children = (
				BB068AD62962723000CF2FF8 /* Preview Assets.xcassets */,
			);
			path = "Preview Content";
			sourceTree = "<group>";
		};
		BB068ADD2962724200CF2FF8 /* Core */ = {
			isa = PBXGroup;
			children = (
				BB068B022964865100CF2FF8 /* SideMenu */,
				BB068AEF296374CA00CF2FF8 /* Explore */,
				BB068AF02963783B00CF2FF8 /* Profile */,
				BB068AEE296374C800CF2FF8 /* Notifications */,
				BB068AED296374C500CF2FF8 /* Messages */,
				BB068AE12962726A00CF2FF8 /* Components */,
				BB068AEA2963738F00CF2FF8 /* Main Tab */,
				BB068AE22962727600CF2FF8 /* Feed */,
			);
			path = Core;
			sourceTree = "<group>";
		};
		BB068ADE2962724900CF2FF8 /* Service */ = {
			isa = PBXGroup;
			children = (
			);
			path = Service;
			sourceTree = "<group>";
		};
		BB068ADF2962724C00CF2FF8 /* Model */ = {
			isa = PBXGroup;
			children = (
			);
			path = Model;
			sourceTree = "<group>";
		};
		BB068AE02962724E00CF2FF8 /* Extensions */ = {
			isa = PBXGroup;
			children = (
			);
			path = Extensions;
			sourceTree = "<group>";
		};
		BB068AE12962726A00CF2FF8 /* Components */ = {
			isa = PBXGroup;
			children = (
				BB068AFF296429BD00CF2FF8 /* Users */,
				BB068AE72962742800CF2FF8 /* Tweets */,
			);
			path = Components;
			sourceTree = "<group>";
		};
		BB068AE22962727600CF2FF8 /* Feed */ = {
			isa = PBXGroup;
			children = (
				BB068AE4296272BB00CF2FF8 /* View */,
				BB068AE3296272AE00CF2FF8 /* View Models */,
			);
			path = Feed;
			sourceTree = "<group>";
		};
		BB068AE3296272AE00CF2FF8 /* View Models */ = {
			isa = PBXGroup;
			children = (
			);
			path = "View Models";
			sourceTree = "<group>";
		};
		BB068AE4296272BB00CF2FF8 /* View */ = {
			isa = PBXGroup;
			children = (
				BB068AE5296272D400CF2FF8 /* FeedView.swift */,
			);
			path = View;
			sourceTree = "<group>";
		};
		BB068AE72962742800CF2FF8 /* Tweets */ = {
			isa = PBXGroup;
			children = (
				BB068AE82962749200CF2FF8 /* TweetsRowView.swift */,
			);
			path = Tweets;
			sourceTree = "<group>";
		};
		BB068AEA2963738F00CF2FF8 /* Main Tab */ = {
			isa = PBXGroup;
			children = (
				BB068AEB296373A400CF2FF8 /* MainTabView.swift */,
			);
			path = "Main Tab";
			sourceTree = "<group>";
		};
		BB068AED296374C500CF2FF8 /* Messages */ = {
			isa = PBXGroup;
			children = (
				BB068AF5296378A400CF2FF8 /* MessagesView.swift */,
			);
			path = Messages;
			sourceTree = "<group>";
		};
		BB068AEE296374C800CF2FF8 /* Notifications */ = {
			isa = PBXGroup;
			children = (
				BB068AF32963789300CF2FF8 /* NotificationsView.swift */,
			);
			path = Notifications;
			sourceTree = "<group>";
		};
		BB068AEF296374CA00CF2FF8 /* Explore */ = {
			isa = PBXGroup;
			children = (
				BB068AFE2964299300CF2FF8 /* Views */,
				BB068AFD2964299100CF2FF8 /* ViewModels */,
				BB068AF12963785E00CF2FF8 /* ExploreView.swift */,
			);
			path = Explore;
			sourceTree = "<group>";
		};
		BB068AF02963783B00CF2FF8 /* Profile */ = {
			isa = PBXGroup;
			children = (
				BB068AF829637C5900CF2FF8 /* Views */,
				BB068AF729637C4E00CF2FF8 /* ViewModels */,
			);
			path = Profile;
			sourceTree = "<group>";
		};
		BB068AF729637C4E00CF2FF8 /* ViewModels */ = {
			isa = PBXGroup;
			children = (
				BB068AFB2963C7F800CF2FF8 /* TweetFilterViewModel.swift */,
			);
			path = ViewModels;
			sourceTree = "<group>";
		};
		BB068AF829637C5900CF2FF8 /* Views */ = {
			isa = PBXGroup;
			children = (
				BB068AF929637C6A00CF2FF8 /* ProfileView.swift */,
			);
			path = Views;
			sourceTree = "<group>";
		};
		BB068AFD2964299100CF2FF8 /* ViewModels */ = {
			isa = PBXGroup;
			children = (
			);
			path = ViewModels;
			sourceTree = "<group>";
		};
		BB068AFE2964299300CF2FF8 /* Views */ = {
			isa = PBXGroup;
			children = (
			);
			path = Views;
			sourceTree = "<group>";
		};
		BB068AFF296429BD00CF2FF8 /* Users */ = {
			isa = PBXGroup;
			children = (
				BB068B00296429CD00CF2FF8 /* UserRowView.swift */,
				BB068B0B2964A4CD00CF2FF8 /* UserStatsView.swift */,
			);
			path = Users;
			sourceTree = "<group>";
		};
		BB068B022964865100CF2FF8 /* SideMenu */ = {
			isa = PBXGroup;
			children = (
				BB068B042964866700CF2FF8 /* Views */,
				BB068B032964866200CF2FF8 /* ViewModel */,
			);
			path = SideMenu;
			sourceTree = "<group>";
		};
		BB068B032964866200CF2FF8 /* ViewModel */ = {
			isa = PBXGroup;
			children = (
				BB068B092964887800CF2FF8 /* SideMenuViewModel.swift */,
			);
			path = ViewModel;
			sourceTree = "<group>";
		};
		BB068B042964866700CF2FF8 /* Views */ = {
			isa = PBXGroup;
			children = (
				BB068B052964885F00CF2FF8 /* SideMenuView.swift */,
				BB068B072964886E00CF2FF8 /* SideMenuRowView.swift */,
			);
			path = Views;
			sourceTree = "<group>";
		};
/* End PBXGroup section */

/* Begin PBXNativeTarget section */
		BB068ACB2962722D00CF2FF8 /* Twitter */ = {
			isa = PBXNativeTarget;
			buildConfigurationList = BB068ADA2962723000CF2FF8 /* Build configuration list for PBXNativeTarget "Twitter" */;
			buildPhases = (
				BB068AC82962722D00CF2FF8 /* Sources */,
				BB068AC92962722D00CF2FF8 /* Frameworks */,
				BB068ACA2962722D00CF2FF8 /* Resources */,
			);
			buildRules = (
			);
			dependencies = (
			);
			name = Twitter;
			productName = Twitter;
			productReference = BB068ACC2962722D00CF2FF8 /* Twitter.app */;
			productType = "com.apple.product-type.application";
		};
/* End PBXNativeTarget section */

/* Begin PBXProject section */
		BB068AC42962722D00CF2FF8 /* Project object */ = {
			isa = PBXProject;
			attributes = {
				BuildIndependentTargetsInParallel = 1;
				LastSwiftUpdateCheck = 1320;
				LastUpgradeCheck = 1320;
				TargetAttributes = {
					BB068ACB2962722D00CF2FF8 = {
						CreatedOnToolsVersion = 13.2.1;
					};
				};
			};
			buildConfigurationList = BB068AC72962722D00CF2FF8 /* Build configuration list for PBXProject "Twitter" */;
			compatibilityVersion = "Xcode 13.0";
			developmentRegion = en;
			hasScannedForEncodings = 0;
			knownRegions = (
				en,
				Base,
			);
			mainGroup = BB068AC32962722D00CF2FF8;
			productRefGroup = BB068ACD2962722D00CF2FF8 /* Products */;
			projectDirPath = "";
			projectRoot = "";
			targets = (
				BB068ACB2962722D00CF2FF8 /* Twitter */,
			);
		};
/* End PBXProject section */

/* Begin PBXResourcesBuildPhase section */
		BB068ACA2962722D00CF2FF8 /* Resources */ = {
			isa = PBXResourcesBuildPhase;
			buildActionMask = 2147483647;
			files = (
				BB068AD72962723000CF2FF8 /* Preview Assets.xcassets in Resources */,
				BB068AD42962723000CF2FF8 /* Assets.xcassets in Resources */,
			);
			runOnlyForDeploymentPostprocessing = 0;
		};
/* End PBXResourcesBuildPhase section */

/* Begin PBXSourcesBuildPhase section */
		BB068AC82962722D00CF2FF8 /* Sources */ = {
			isa = PBXSourcesBuildPhase;
			buildActionMask = 2147483647;
			files = (
				BB068AF6296378A400CF2FF8 /* MessagesView.swift in Sources */,
				BB068AD22962722D00CF2FF8 /* ContentView.swift in Sources */,
				BB068AE92962749200CF2FF8 /* TweetsRowView.swift in Sources */,
				BB068B082964886E00CF2FF8 /* SideMenuRowView.swift in Sources */,
				BB068AE6296272D400CF2FF8 /* FeedView.swift in Sources */,
				BB068AFC2963C7F800CF2FF8 /* TweetFilterViewModel.swift in Sources */,
				BB068AD02962722D00CF2FF8 /* TwitterApp.swift in Sources */,
				BB068B062964885F00CF2FF8 /* SideMenuView.swift in Sources */,
				BB068AFA29637C6A00CF2FF8 /* ProfileView.swift in Sources */,
				BB068AF22963785E00CF2FF8 /* ExploreView.swift in Sources */,
				BB068B0A2964887800CF2FF8 /* SideMenuViewModel.swift in Sources */,
				BB068B01296429CD00CF2FF8 /* UserRowView.swift in Sources */,
				BB068AEC296373A400CF2FF8 /* MainTabView.swift in Sources */,
				BB068AF42963789300CF2FF8 /* NotificationsView.swift in Sources */,
				BB068B0C2964A4CD00CF2FF8 /* UserStatsView.swift in Sources */,
			);
			runOnlyForDeploymentPostprocessing = 0;
		};
/* End PBXSourcesBuildPhase section */

/* Begin XCBuildConfiguration section */
		BB068AD82962723000CF2FF8 /* Debug */ = {
			isa = XCBuildConfiguration;
			buildSettings = {
				ALWAYS_SEARCH_USER_PATHS = NO;
				CLANG_ANALYZER_NONNULL = YES;
				CLANG_ANALYZER_NUMBER_OBJECT_CONVERSION = YES_AGGRESSIVE;
				CLANG_CXX_LANGUAGE_STANDARD = "gnu++17";
				CLANG_CXX_LIBRARY = "libc++";
				CLANG_ENABLE_MODULES = YES;
				CLANG_ENABLE_OBJC_ARC = YES;
				CLANG_ENABLE_OBJC_WEAK = YES;
				CLANG_WARN_BLOCK_CAPTURE_AUTORELEASING = YES;
				CLANG_WARN_BOOL_CONVERSION = YES;
				CLANG_WARN_COMMA = YES;
				CLANG_WARN_CONSTANT_CONVERSION = YES;
				CLANG_WARN_DEPRECATED_OBJC_IMPLEMENTATIONS = YES;
				CLANG_WARN_DIRECT_OBJC_ISA_USAGE = YES_ERROR;
				CLANG_WARN_DOCUMENTATION_COMMENTS = YES;
				CLANG_WARN_EMPTY_BODY = YES;
				CLANG_WARN_ENUM_CONVERSION = YES;
				CLANG_WARN_INFINITE_RECURSION = YES;
				CLANG_WARN_INT_CONVERSION = YES;
				CLANG_WARN_NON_LITERAL_NULL_CONVERSION = YES;
				CLANG_WARN_OBJC_IMPLICIT_RETAIN_SELF = YES;
				CLANG_WARN_OBJC_LITERAL_CONVERSION = YES;
				CLANG_WARN_OBJC_ROOT_CLASS = YES_ERROR;
				CLANG_WARN_QUOTED_INCLUDE_IN_FRAMEWORK_HEADER = YES;
				CLANG_WARN_RANGE_LOOP_ANALYSIS = YES;
				CLANG_WARN_STRICT_PROTOTYPES = YES;
				CLANG_WARN_SUSPICIOUS_MOVE = YES;
				CLANG_WARN_UNGUARDED_AVAILABILITY = YES_AGGRESSIVE;
				CLANG_WARN_UNREACHABLE_CODE = YES;
				CLANG_WARN__DUPLICATE_METHOD_MATCH = YES;
				COPY_PHASE_STRIP = NO;
				DEBUG_INFORMATION_FORMAT = dwarf;
				ENABLE_STRICT_OBJC_MSGSEND = YES;
				ENABLE_TESTABILITY = YES;
				GCC_C_LANGUAGE_STANDARD = gnu11;
				GCC_DYNAMIC_NO_PIC = NO;
				GCC_NO_COMMON_BLOCKS = YES;
				GCC_OPTIMIZATION_LEVEL = 0;
				GCC_PREPROCESSOR_DEFINITIONS = (
					"DEBUG=1",
					"$(inherited)",
				);
				GCC_WARN_64_TO_32_BIT_CONVERSION = YES;
				GCC_WARN_ABOUT_RETURN_TYPE = YES_ERROR;
				GCC_WARN_UNDECLARED_SELECTOR = YES;
				GCC_WARN_UNINITIALIZED_AUTOS = YES_AGGRESSIVE;
				GCC_WARN_UNUSED_FUNCTION = YES;
				GCC_WARN_UNUSED_VARIABLE = YES;
				IPHONEOS_DEPLOYMENT_TARGET = 15.2;
				MTL_ENABLE_DEBUG_INFO = INCLUDE_SOURCE;
				MTL_FAST_MATH = YES;
				ONLY_ACTIVE_ARCH = YES;
				SDKROOT = iphoneos;
				SWIFT_ACTIVE_COMPILATION_CONDITIONS = DEBUG;
				SWIFT_OPTIMIZATION_LEVEL = "-Onone";
			};
			name = Debug;
		};
		BB068AD92962723000CF2FF8 /* Release */ = {
			isa = XCBuildConfiguration;
			buildSettings = {
				ALWAYS_SEARCH_USER_PATHS = NO;
				CLANG_ANALYZER_NONNULL = YES;
				CLANG_ANALYZER_NUMBER_OBJECT_CONVERSION = YES_AGGRESSIVE;
				CLANG_CXX_LANGUAGE_STANDARD = "gnu++17";
				CLANG_CXX_LIBRARY = "libc++";
				CLANG_ENABLE_MODULES = YES;
				CLANG_ENABLE_OBJC_ARC = YES;
				CLANG_ENABLE_OBJC_WEAK = YES;
				CLANG_WARN_BLOCK_CAPTURE_AUTORELEASING = YES;
				CLANG_WARN_BOOL_CONVERSION = YES;
				CLANG_WARN_COMMA = YES;
				CLANG_WARN_CONSTANT_CONVERSION = YES;
				CLANG_WARN_DEPRECATED_OBJC_IMPLEMENTATIONS = YES;
				CLANG_WARN_DIRECT_OBJC_ISA_USAGE = YES_ERROR;
				CLANG_WARN_DOCUMENTATION_COMMENTS = YES;
				CLANG_WARN_EMPTY_BODY = YES;
				CLANG_WARN_ENUM_CONVERSION = YES;
				CLANG_WARN_INFINITE_RECURSION = YES;
				CLANG_WARN_INT_CONVERSION = YES;
				CLANG_WARN_NON_LITERAL_NULL_CONVERSION = YES;
				CLANG_WARN_OBJC_IMPLICIT_RETAIN_SELF = YES;
				CLANG_WARN_OBJC_LITERAL_CONVERSION = YES;
				CLANG_WARN_OBJC_ROOT_CLASS = YES_ERROR;
				CLANG_WARN_QUOTED_INCLUDE_IN_FRAMEWORK_HEADER = YES;
				CLANG_WARN_RANGE_LOOP_ANALYSIS = YES;
				CLANG_WARN_STRICT_PROTOTYPES = YES;
				CLANG_WARN_SUSPICIOUS_MOVE = YES;
				CLANG_WARN_UNGUARDED_AVAILABILITY = YES_AGGRESSIVE;
				CLANG_WARN_UNREACHABLE_CODE = YES;
				CLANG_WARN__DUPLICATE_METHOD_MATCH = YES;
				COPY_PHASE_STRIP = NO;
				DEBUG_INFORMATION_FORMAT = "dwarf-with-dsym";
				ENABLE_NS_ASSERTIONS = NO;
				ENABLE_STRICT_OBJC_MSGSEND = YES;
				GCC_C_LANGUAGE_STANDARD = gnu11;
				GCC_NO_COMMON_BLOCKS = YES;
				GCC_WARN_64_TO_32_BIT_CONVERSION = YES;
				GCC_WARN_ABOUT_RETURN_TYPE = YES_ERROR;
				GCC_WARN_UNDECLARED_SELECTOR = YES;
				GCC_WARN_UNINITIALIZED_AUTOS = YES_AGGRESSIVE;
				GCC_WARN_UNUSED_FUNCTION = YES;
				GCC_WARN_UNUSED_VARIABLE = YES;
				IPHONEOS_DEPLOYMENT_TARGET = 15.2;
				MTL_ENABLE_DEBUG_INFO = NO;
				MTL_FAST_MATH = YES;
				SDKROOT = iphoneos;
				SWIFT_COMPILATION_MODE = wholemodule;
				SWIFT_OPTIMIZATION_LEVEL = "-O";
				VALIDATE_PRODUCT = YES;
			};
			name = Release;
		};
		BB068ADB2962723000CF2FF8 /* Debug */ = {
			isa = XCBuildConfiguration;
			buildSettings = {
				ASSETCATALOG_COMPILER_APPICON_NAME = AppIcon;
				ASSETCATALOG_COMPILER_GLOBAL_ACCENT_COLOR_NAME = AccentColor;
				CODE_SIGN_STYLE = Automatic;
				CURRENT_PROJECT_VERSION = 1;
				DEVELOPMENT_ASSET_PATHS = "\"Twitter/Preview Content\"";
				DEVELOPMENT_TEAM = AZLMR7ABL4;
				ENABLE_PREVIEWS = YES;
				GENERATE_INFOPLIST_FILE = YES;
				INFOPLIST_KEY_UIApplicationSceneManifest_Generation = YES;
				INFOPLIST_KEY_UIApplicationSupportsIndirectInputEvents = YES;
				INFOPLIST_KEY_UILaunchScreen_Generation = YES;
				INFOPLIST_KEY_UISupportedInterfaceOrientations_iPad = "UIInterfaceOrientationPortrait UIInterfaceOrientationPortraitUpsideDown UIInterfaceOrientationLandscapeLeft UIInterfaceOrientationLandscapeRight";
				INFOPLIST_KEY_UISupportedInterfaceOrientations_iPhone = "UIInterfaceOrientationPortrait UIInterfaceOrientationLandscapeLeft UIInterfaceOrientationLandscapeRight";
				LD_RUNPATH_SEARCH_PATHS = (
					"$(inherited)",
					"@executable_path/Frameworks",
				);
				MARKETING_VERSION = 1.0;
				PRODUCT_BUNDLE_IDENTIFIER = com.twitter.Twitter;
				PRODUCT_NAME = "$(TARGET_NAME)";
				SWIFT_EMIT_LOC_STRINGS = YES;
				SWIFT_VERSION = 5.0;
				TARGETED_DEVICE_FAMILY = "1,2";
			};
			name = Debug;
		};
		BB068ADC2962723000CF2FF8 /* Release */ = {
			isa = XCBuildConfiguration;
			buildSettings = {
				ASSETCATALOG_COMPILER_APPICON_NAME = AppIcon;
				ASSETCATALOG_COMPILER_GLOBAL_ACCENT_COLOR_NAME = AccentColor;
				CODE_SIGN_STYLE = Automatic;
				CURRENT_PROJECT_VERSION = 1;
				DEVELOPMENT_ASSET_PATHS = "\"Twitter/Preview Content\"";
				DEVELOPMENT_TEAM = AZLMR7ABL4;
				ENABLE_PREVIEWS = YES;
				GENERATE_INFOPLIST_FILE = YES;
				INFOPLIST_KEY_UIApplicationSceneManifest_Generation = YES;
				INFOPLIST_KEY_UIApplicationSupportsIndirectInputEvents = YES;
				INFOPLIST_KEY_UILaunchScreen_Generation = YES;
				INFOPLIST_KEY_UISupportedInterfaceOrientations_iPad = "UIInterfaceOrientationPortrait UIInterfaceOrientationPortraitUpsideDown UIInterfaceOrientationLandscapeLeft UIInterfaceOrientationLandscapeRight";
				INFOPLIST_KEY_UISupportedInterfaceOrientations_iPhone = "UIInterfaceOrientationPortrait UIInterfaceOrientationLandscapeLeft UIInterfaceOrientationLandscapeRight";
				LD_RUNPATH_SEARCH_PATHS = (
					"$(inherited)",
					"@executable_path/Frameworks",
				);
				MARKETING_VERSION = 1.0;
				PRODUCT_BUNDLE_IDENTIFIER = com.twitter.Twitter;
				PRODUCT_NAME = "$(TARGET_NAME)";
				SWIFT_EMIT_LOC_STRINGS = YES;
				SWIFT_VERSION = 5.0;
				TARGETED_DEVICE_FAMILY = "1,2";
			};
			name = Release;
		};
/* End XCBuildConfiguration section */

/* Begin XCConfigurationList section */
		BB068AC72962722D00CF2FF8 /* Build configuration list for PBXProject "Twitter" */ = {
			isa = XCConfigurationList;
			buildConfigurations = (
				BB068AD82962723000CF2FF8 /* Debug */,
				BB068AD92962723000CF2FF8 /* Release */,
			);
			defaultConfigurationIsVisible = 0;
			defaultConfigurationName = Release;
		};
		BB068ADA2962723000CF2FF8 /* Build configuration list for PBXNativeTarget "Twitter" */ = {
			isa = XCConfigurationList;
			buildConfigurations = (
				BB068ADB2962723000CF2FF8 /* Debug */,
				BB068ADC2962723000CF2FF8 /* Release */,
			);
			defaultConfigurationIsVisible = 0;
			defaultConfigurationName = Release;
		};
/* End XCConfigurationList section */
	};
	rootObject = BB068AC42962722D00CF2FF8 /* Project object */;
}
