// !$*UTF8*$!
{
	archiveVersion = 1;
	classes = {
	};
	objectVersion = 55;
	objects = {

/* Begin PBXBuildFile section */
		BB068AD02962722D00CF2FF8 /* TwitterApp.swift in Sources */ = {isa = PBXBuildFile; fileRef = BB068ACF2962722D00CF2FF8 /* TwitterApp.swift */; };
		BB068AD22962722D00CF2FF8 /* ContentView.swift in Sources */ = {isa = PBXBuildFile; fileRef = BB068AD12962722D00CF2FF8 /* ContentView.swift */; };
		BB068AD42962723000CF2FF8 /* Assets.xcassets in Resources */ = {isa = PBXBuildFile; fileRef = BB068AD32962723000CF2FF8 /* Assets.xcassets */; };
		BB068AD72962723000CF2FF8 /* Preview Assets.xcassets in Resources */ = {isa = PBXBuildFile; fileRef = BB068AD62962723000CF2FF8 /* Preview Assets.xcassets */; };
		BB068AE6296272D400CF2FF8 /* FeedView.swift in Sources */ = {isa = PBXBuildFile; fileRef = BB068AE5296272D400CF2FF8 /* FeedView.swift */; };
		BB068AE92962749200CF2FF8 /* TweetsRowView.swift in Sources */ = {isa = PBXBuildFile; fileRef = BB068AE82962749200CF2FF8 /* TweetsRowView.swift */; };
		BB068AEC296373A400CF2FF8 /* MainTabView.swift in Sources */ = {isa = PBXBuildFile; fileRef = BB068AEB296373A400CF2FF8 /* MainTabView.swift */; };
		BB068AF22963785E00CF2FF8 /* ExploreView.swift in Sources */ = {isa = PBXBuildFile; fileRef = BB068AF12963785E00CF2FF8 /* ExploreView.swift */; };
		BB068AF42963789300CF2FF8 /* NotificationsView.swift in Sources */ = {isa = PBXBuildFile; fileRef = BB068AF32963789300CF2FF8 /* NotificationsView.swift */; };
		BB068AF6296378A400CF2FF8 /* MessagesView.swift in Sources */ = {isa = PBXBuildFile; fileRef = BB068AF5296378A400CF2FF8 /* MessagesView.swift */; };
		BB068AFA29637C6A00CF2FF8 /* ProfileView.swift in Sources */ = {isa = PBXBuildFile; fileRef = BB068AF929637C6A00CF2FF8 /* ProfileView.swift */; };
		BB068AFC2963C7F800CF2FF8 /* TweetFilterViewModel.swift in Sources */ = {isa = PBXBuildFile; fileRef = BB068AFB2963C7F800CF2FF8 /* TweetFilterViewModel.swift */; };
		BB068B01296429CD00CF2FF8 /* UserRowView.swift in Sources */ = {isa = PBXBuildFile; fileRef = BB068B00296429CD00CF2FF8 /* UserRowView.swift */; };
		BB068B062964885F00CF2FF8 /* SideMenuView.swift in Sources */ = {isa = PBXBuildFile; fileRef = BB068B052964885F00CF2FF8 /* SideMenuView.swift */; };
		BB068B082964886E00CF2FF8 /* SideMenuRowView.swift in Sources */ = {isa = PBXBuildFile; fileRef = BB068B072964886E00CF2FF8 /* SideMenuRowView.swift */; };
		BB068B0A2964887800CF2FF8 /* SideMenuViewModel.swift in Sources */ = {isa = PBXBuildFile; fileRef = BB068B092964887800CF2FF8 /* SideMenuViewModel.swift */; };
		BB068B0C2964A4CD00CF2FF8 /* UserStatsView.swift in Sources */ = {isa = PBXBuildFile; fileRef = BB068B0B2964A4CD00CF2FF8 /* UserStatsView.swift */; };
		BB1998E1297E345B0045B6FA /* ImageUploader.swift in Sources */ = {isa = PBXBuildFile; fileRef = BB1998E0297E345B0045B6FA /* ImageUploader.swift */; };
		BB1998E3298045F60045B6FA /* UserService.swift in Sources */ = {isa = PBXBuildFile; fileRef = BB1998E2298045F60045B6FA /* UserService.swift */; };
		BB1998E52985D19E0045B6FA /* User.swift in Sources */ = {isa = PBXBuildFile; fileRef = BB1998E42985D19E0045B6FA /* User.swift */; };
		BB1998E82985E5BC0045B6FA /* Kingfisher in Frameworks */ = {isa = PBXBuildFile; productRef = BB1998E72985E5BC0045B6FA /* Kingfisher */; };
		BB7E912C2974891500CAB396 /* AuthViewModel.swift in Sources */ = {isa = PBXBuildFile; fileRef = BB7E912B2974891500CAB396 /* AuthViewModel.swift */; };
		BB7E912E2975C82500CAB396 /* PhotoSelectorView.swift in Sources */ = {isa = PBXBuildFile; fileRef = BB7E912D2975C82500CAB396 /* PhotoSelectorView.swift */; };
		BB87B3DE299FF5A300E8ABB5 /* ExploreViewModel.swift in Sources */ = {isa = PBXBuildFile; fileRef = BB87B3DD299FF5A300E8ABB5 /* ExploreViewModel.swift */; };
		BB87B3E029A2AF7900E8ABB5 /* SearchBar.swift in Sources */ = {isa = PBXBuildFile; fileRef = BB87B3DF29A2AF7900E8ABB5 /* SearchBar.swift */; };
		BBCED4032966578200BC39C6 /* SideMenuItemRow.swift in Sources */ = {isa = PBXBuildFile; fileRef = BBCED4022966578200BC39C6 /* SideMenuItemRow.swift */; };
		BBCED40829673B4100BC39C6 /* NewTweetView.swift in Sources */ = {isa = PBXBuildFile; fileRef = BBCED40729673B4100BC39C6 /* NewTweetView.swift */; };
		BBCED40D2967760400BC39C6 /* TextArea.swift in Sources */ = {isa = PBXBuildFile; fileRef = BBCED40C2967760400BC39C6 /* TextArea.swift */; };
		BBCED412296874F900BC39C6 /* LoginView.swift in Sources */ = {isa = PBXBuildFile; fileRef = BBCED411296874F900BC39C6 /* LoginView.swift */; };
		BBCED4142968750500BC39C6 /* RegistrationView.swift in Sources */ = {isa = PBXBuildFile; fileRef = BBCED4132968750500BC39C6 /* RegistrationView.swift */; };
		BBCED416296DD18100BC39C6 /* RoundedShape.swift in Sources */ = {isa = PBXBuildFile; fileRef = BBCED415296DD18100BC39C6 /* RoundedShape.swift */; };
		BBCED4182970B1E200BC39C6 /* CustomInputField.swift in Sources */ = {isa = PBXBuildFile; fileRef = BBCED4172970B1E200BC39C6 /* CustomInputField.swift */; };
		BBCED41B2970C7E300BC39C6 /* AuthHeaderView.swift in Sources */ = {isa = PBXBuildFile; fileRef = BBCED41A2970C7E300BC39C6 /* AuthHeaderView.swift */; };
		BBCED41D2971F15D00BC39C6 /* GoogleService-Info.plist in Resources */ = {isa = PBXBuildFile; fileRef = BBCED41C2971F15D00BC39C6 /* GoogleService-Info.plist */; };
		BBCED42129720BF300BC39C6 /* FirebaseAuth in Frameworks */ = {isa = PBXBuildFile; productRef = BBCED42029720BF300BC39C6 /* FirebaseAuth */; };
		BBCED42329720BF300BC39C6 /* FirebaseFirestore in Frameworks */ = {isa = PBXBuildFile; productRef = BBCED42229720BF300BC39C6 /* FirebaseFirestore */; };
		BBCED42529720BF300BC39C6 /* FirebaseFirestoreSwift-Beta in Frameworks */ = {isa = PBXBuildFile; productRef = BBCED42429720BF300BC39C6 /* FirebaseFirestoreSwift-Beta */; };
		BBCED42729720BF300BC39C6 /* FirebaseStorage in Frameworks */ = {isa = PBXBuildFile; productRef = BBCED42629720BF300BC39C6 /* FirebaseStorage */; };
/* End PBXBuildFile section */

/* Begin PBXFileReference section */
		BB068ACC2962722D00CF2FF8 /* Twitter.app */ = {isa = PBXFileReference; explicitFileType = wrapper.application; includeInIndex = 0; path = Twitter.app; sourceTree = BUILT_PRODUCTS_DIR; };
		BB068ACF2962722D00CF2FF8 /* TwitterApp.swift */ = {isa = PBXFileReference; lastKnownFileType = sourcecode.swift; path = TwitterApp.swift; sourceTree = "<group>"; };
		BB068AD12962722D00CF2FF8 /* ContentView.swift */ = {isa = PBXFileReference; lastKnownFileType = sourcecode.swift; path = ContentView.swift; sourceTree = "<group>"; };
		BB068AD32962723000CF2FF8 /* Assets.xcassets */ = {isa = PBXFileReference; lastKnownFileType = folder.assetcatalog; path = Assets.xcassets; sourceTree = "<group>"; };
		BB068AD62962723000CF2FF8 /* Preview Assets.xcassets */ = {isa = PBXFileReference; lastKnownFileType = folder.assetcatalog; path = "Preview Assets.xcassets"; sourceTree = "<group>"; };
		BB068AE5296272D400CF2FF8 /* FeedView.swift */ = {isa = PBXFileReference; lastKnownFileType = sourcecode.swift; path = FeedView.swift; sourceTree = "<group>"; };
		BB068AE82962749200CF2FF8 /* TweetsRowView.swift */ = {isa = PBXFileReference; lastKnownFileType = sourcecode.swift; path = TweetsRowView.swift; sourceTree = "<group>"; };
		BB068AEB296373A400CF2FF8 /* MainTabView.swift */ = {isa = PBXFileReference; lastKnownFileType = sourcecode.swift; path = MainTabView.swift; sourceTree = "<group>"; };
		BB068AF12963785E00CF2FF8 /* ExploreView.swift */ = {isa = PBXFileReference; lastKnownFileType = sourcecode.swift; path = ExploreView.swift; sourceTree = "<group>"; };
		BB068AF32963789300CF2FF8 /* NotificationsView.swift */ = {isa = PBXFileReference; lastKnownFileType = sourcecode.swift; path = NotificationsView.swift; sourceTree = "<group>"; };
		BB068AF5296378A400CF2FF8 /* MessagesView.swift */ = {isa = PBXFileReference; lastKnownFileType = sourcecode.swift; path = MessagesView.swift; sourceTree = "<group>"; };
		BB068AF929637C6A00CF2FF8 /* ProfileView.swift */ = {isa = PBXFileReference; lastKnownFileType = sourcecode.swift; path = ProfileView.swift; sourceTree = "<group>"; };
		BB068AFB2963C7F800CF2FF8 /* TweetFilterViewModel.swift */ = {isa = PBXFileReference; lastKnownFileType = sourcecode.swift; path = TweetFilterViewModel.swift; sourceTree = "<group>"; };
		BB068B00296429CD00CF2FF8 /* UserRowView.swift */ = {isa = PBXFileReference; lastKnownFileType = sourcecode.swift; path = UserRowView.swift; sourceTree = "<group>"; };
		BB068B052964885F00CF2FF8 /* SideMenuView.swift */ = {isa = PBXFileReference; lastKnownFileType = sourcecode.swift; path = SideMenuView.swift; sourceTree = "<group>"; };
		BB068B072964886E00CF2FF8 /* SideMenuRowView.swift */ = {isa = PBXFileReference; lastKnownFileType = sourcecode.swift; path = SideMenuRowView.swift; sourceTree = "<group>"; };
		BB068B092964887800CF2FF8 /* SideMenuViewModel.swift */ = {isa = PBXFileReference; lastKnownFileType = sourcecode.swift; path = SideMenuViewModel.swift; sourceTree = "<group>"; };
		BB068B0B2964A4CD00CF2FF8 /* UserStatsView.swift */ = {isa = PBXFileReference; lastKnownFileType = sourcecode.swift; path = UserStatsView.swift; sourceTree = "<group>"; };
		BB1998E0297E345B0045B6FA /* ImageUploader.swift */ = {isa = PBXFileReference; lastKnownFileType = sourcecode.swift; path = ImageUploader.swift; sourceTree = "<group>"; };
		BB1998E2298045F60045B6FA /* UserService.swift */ = {isa = PBXFileReference; lastKnownFileType = sourcecode.swift; path = UserService.swift; sourceTree = "<group>"; };
		BB1998E42985D19E0045B6FA /* User.swift */ = {isa = PBXFileReference; lastKnownFileType = sourcecode.swift; path = User.swift; sourceTree = "<group>"; };
		BB7E912B2974891500CAB396 /* AuthViewModel.swift */ = {isa = PBXFileReference; lastKnownFileType = sourcecode.swift; path = AuthViewModel.swift; sourceTree = "<group>"; };
		BB7E912D2975C82500CAB396 /* PhotoSelectorView.swift */ = {isa = PBXFileReference; lastKnownFileType = sourcecode.swift; path = PhotoSelectorView.swift; sourceTree = "<group>"; };
		BB87B3DD299FF5A300E8ABB5 /* ExploreViewModel.swift */ = {isa = PBXFileReference; lastKnownFileType = sourcecode.swift; path = ExploreViewModel.swift; sourceTree = "<group>"; };
		BB87B3DF29A2AF7900E8ABB5 /* SearchBar.swift */ = {isa = PBXFileReference; lastKnownFileType = sourcecode.swift; path = SearchBar.swift; sourceTree = "<group>"; };
		BBCED4022966578200BC39C6 /* SideMenuItemRow.swift */ = {isa = PBXFileReference; lastKnownFileType = sourcecode.swift; path = SideMenuItemRow.swift; sourceTree = "<group>"; };
		BBCED40729673B4100BC39C6 /* NewTweetView.swift */ = {isa = PBXFileReference; lastKnownFileType = sourcecode.swift; path = NewTweetView.swift; sourceTree = "<group>"; };
		BBCED40C2967760400BC39C6 /* TextArea.swift */ = {isa = PBXFileReference; lastKnownFileType = sourcecode.swift; path = TextArea.swift; sourceTree = "<group>"; };
		BBCED411296874F900BC39C6 /* LoginView.swift */ = {isa = PBXFileReference; lastKnownFileType = sourcecode.swift; path = LoginView.swift; sourceTree = "<group>"; };
		BBCED4132968750500BC39C6 /* RegistrationView.swift */ = {isa = PBXFileReference; lastKnownFileType = sourcecode.swift; path = RegistrationView.swift; sourceTree = "<group>"; };
		BBCED415296DD18100BC39C6 /* RoundedShape.swift */ = {isa = PBXFileReference; lastKnownFileType = sourcecode.swift; path = RoundedShape.swift; sourceTree = "<group>"; };
		BBCED4172970B1E200BC39C6 /* CustomInputField.swift */ = {isa = PBXFileReference; lastKnownFileType = sourcecode.swift; path = CustomInputField.swift; sourceTree = "<group>"; };
		BBCED41A2970C7E300BC39C6 /* AuthHeaderView.swift */ = {isa = PBXFileReference; lastKnownFileType = sourcecode.swift; path = AuthHeaderView.swift; sourceTree = "<group>"; };
		BBCED41C2971F15D00BC39C6 /* GoogleService-Info.plist */ = {isa = PBXFileReference; lastKnownFileType = text.plist; path = "GoogleService-Info.plist"; sourceTree = SOURCE_ROOT; };
/* End PBXFileReference section */

/* Begin PBXFrameworksBuildPhase section */
		BB068AC92962722D00CF2FF8 /* Frameworks */ = {
			isa = PBXFrameworksBuildPhase;
			buildActionMask = 2147483647;
			files = (
				BBCED42529720BF300BC39C6 /* FirebaseFirestoreSwift-Beta in Frameworks */,
				BBCED42729720BF300BC39C6 /* FirebaseStorage in Frameworks */,
				BBCED42129720BF300BC39C6 /* FirebaseAuth in Frameworks */,
				BBCED42329720BF300BC39C6 /* FirebaseFirestore in Frameworks */,
				BB1998E82985E5BC0045B6FA /* Kingfisher in Frameworks */,
			);
			runOnlyForDeploymentPostprocessing = 0;
		};
/* End PBXFrameworksBuildPhase section */

/* Begin PBXGroup section */
		BB068AC32962722D00CF2FF8 = {
			isa = PBXGroup;
			children = (
				BB068ACE2962722D00CF2FF8 /* Twitter */,
				BB068ACD2962722D00CF2FF8 /* Products */,
			);
			sourceTree = "<group>";
		};
		BB068ACD2962722D00CF2FF8 /* Products */ = {
			isa = PBXGroup;
			children = (
				BB068ACC2962722D00CF2FF8 /* Twitter.app */,
			);
			name = Products;
			sourceTree = "<group>";
		};
		BB068ACE2962722D00CF2FF8 /* Twitter */ = {
			isa = PBXGroup;
			children = (
				BB1998DB297705870045B6FA /* Utils */,
				BBCED401296655B600BC39C6 /* Service */,
				BBCED400296655AE00BC39C6 /* Models */,
				BBCED3FF296655A800BC39C6 /* Extensions */,
				BB068ADD2962724200CF2FF8 /* Core */,
				BB068ACF2962722D00CF2FF8 /* TwitterApp.swift */,
				BB068AD12962722D00CF2FF8 /* ContentView.swift */,
				BB068AD32962723000CF2FF8 /* Assets.xcassets */,
				BBCED41C2971F15D00BC39C6 /* GoogleService-Info.plist */,
				BB068AD52962723000CF2FF8 /* Preview Content */,
			);
			path = Twitter;
			sourceTree = "<group>";
		};
		BB068AD52962723000CF2FF8 /* Preview Content */ = {
			isa = PBXGroup;
			children = (
				BB068AD62962723000CF2FF8 /* Preview Assets.xcassets */,
			);
			path = "Preview Content";
			sourceTree = "<group>";
		};
		BB068ADD2962724200CF2FF8 /* Core */ = {
			isa = PBXGroup;
			children = (
				BBCED40E29677DD100BC39C6 /* Authentication */,
				BB068AE12962726A00CF2FF8 /* Components */,
				BBCED40429673A6C00BC39C6 /* UploadTweet */,
				BB068B022964865100CF2FF8 /* SideMenu */,
				BB068AEF296374CA00CF2FF8 /* Explore */,
				BB068AF02963783B00CF2FF8 /* Profile */,
				BB068AEE296374C800CF2FF8 /* Notifications */,
				BB068AED296374C500CF2FF8 /* Messages */,
				BB068AEA2963738F00CF2FF8 /* Main Tab */,
				BB068AE22962727600CF2FF8 /* Feed */,
			);
			path = Core;
			sourceTree = "<group>";
		};
		BB068AE12962726A00CF2FF8 /* Components */ = {
			isa = PBXGroup;
			children = (
				BBCED4192970C7CB00BC39C6 /* Authentication */,
				BB068AFF296429BD00CF2FF8 /* Users */,
				BB068AE72962742800CF2FF8 /* Tweets */,
				BBCED40C2967760400BC39C6 /* TextArea.swift */,
				BBCED415296DD18100BC39C6 /* RoundedShape.swift */,
				BBCED4172970B1E200BC39C6 /* CustomInputField.swift */,
				BB87B3DF29A2AF7900E8ABB5 /* SearchBar.swift */,
			);
			path = Components;
			sourceTree = "<group>";
		};
		BB068AE22962727600CF2FF8 /* Feed */ = {
			isa = PBXGroup;
			children = (
				BBCED409296774ED00BC39C6 /* ViewModels */,
				BB068AE4296272BB00CF2FF8 /* View */,
			);
			path = Feed;
			sourceTree = "<group>";
		};
		BB068AE4296272BB00CF2FF8 /* View */ = {
			isa = PBXGroup;
			children = (
				BB068AE5296272D400CF2FF8 /* FeedView.swift */,
			);
			path = View;
			sourceTree = "<group>";
		};
		BB068AE72962742800CF2FF8 /* Tweets */ = {
			isa = PBXGroup;
			children = (
				BB068AE82962749200CF2FF8 /* TweetsRowView.swift */,
			);
			path = Tweets;
			sourceTree = "<group>";
		};
		BB068AEA2963738F00CF2FF8 /* Main Tab */ = {
			isa = PBXGroup;
			children = (
				BB068AEB296373A400CF2FF8 /* MainTabView.swift */,
			);
			path = "Main Tab";
			sourceTree = "<group>";
		};
		BB068AED296374C500CF2FF8 /* Messages */ = {
			isa = PBXGroup;
			children = (
				BB068AF5296378A400CF2FF8 /* MessagesView.swift */,
			);
			path = Messages;
			sourceTree = "<group>";
		};
		BB068AEE296374C800CF2FF8 /* Notifications */ = {
			isa = PBXGroup;
			children = (
				BB068AF32963789300CF2FF8 /* NotificationsView.swift */,
			);
			path = Notifications;
			sourceTree = "<group>";
		};
		BB068AEF296374CA00CF2FF8 /* Explore */ = {
			isa = PBXGroup;
			children = (
				BBCED40B2967750200BC39C6 /* Views */,
				BBCED40A2967750000BC39C6 /* ViewModels */,
			);
			path = Explore;
			sourceTree = "<group>";
		};
		BB068AF02963783B00CF2FF8 /* Profile */ = {
			isa = PBXGroup;
			children = (
				BB068AF829637C5900CF2FF8 /* Views */,
				BB068AF729637C4E00CF2FF8 /* ViewModels */,
			);
			path = Profile;
			sourceTree = "<group>";
		};
		BB068AF729637C4E00CF2FF8 /* ViewModels */ = {
			isa = PBXGroup;
			children = (
				BB068AFB2963C7F800CF2FF8 /* TweetFilterViewModel.swift */,
			);
			path = ViewModels;
			sourceTree = "<group>";
		};
		BB068AF829637C5900CF2FF8 /* Views */ = {
			isa = PBXGroup;
			children = (
				BB068AF929637C6A00CF2FF8 /* ProfileView.swift */,
			);
			path = Views;
			sourceTree = "<group>";
		};
		BB068AFF296429BD00CF2FF8 /* Users */ = {
			isa = PBXGroup;
			children = (
				BB068B00296429CD00CF2FF8 /* UserRowView.swift */,
				BB068B0B2964A4CD00CF2FF8 /* UserStatsView.swift */,
			);
			path = Users;
			sourceTree = "<group>";
		};
		BB068B022964865100CF2FF8 /* SideMenu */ = {
			isa = PBXGroup;
			children = (
				BB068B042964866700CF2FF8 /* Views */,
				BB068B032964866200CF2FF8 /* ViewModel */,
			);
			path = SideMenu;
			sourceTree = "<group>";
		};
		BB068B032964866200CF2FF8 /* ViewModel */ = {
			isa = PBXGroup;
			children = (
				BB068B092964887800CF2FF8 /* SideMenuViewModel.swift */,
			);
			path = ViewModel;
			sourceTree = "<group>";
		};
		BB068B042964866700CF2FF8 /* Views */ = {
			isa = PBXGroup;
			children = (
				BB068B052964885F00CF2FF8 /* SideMenuView.swift */,
				BB068B072964886E00CF2FF8 /* SideMenuRowView.swift */,
				BBCED4022966578200BC39C6 /* SideMenuItemRow.swift */,
			);
			path = Views;
			sourceTree = "<group>";
		};
		BB1998DB297705870045B6FA /* Utils */ = {
			isa = PBXGroup;
			children = (
			);
			path = Utils;
			sourceTree = "<group>";
		};
		BBCED3FF296655A800BC39C6 /* Extensions */ = {
			isa = PBXGroup;
			children = (
			);
			path = Extensions;
			sourceTree = "<group>";
		};
		BBCED400296655AE00BC39C6 /* Models */ = {
			isa = PBXGroup;
			children = (
				BB1998E42985D19E0045B6FA /* User.swift */,
			);
			path = Models;
			sourceTree = "<group>";
		};
		BBCED401296655B600BC39C6 /* Service */ = {
			isa = PBXGroup;
			children = (
				BB1998E0297E345B0045B6FA /* ImageUploader.swift */,
				BB1998E2298045F60045B6FA /* UserService.swift */,
			);
			path = Service;
			sourceTree = "<group>";
		};
		BBCED40429673A6C00BC39C6 /* UploadTweet */ = {
			isa = PBXGroup;
			children = (
				BBCED40629673A8100BC39C6 /* Views */,
				BBCED40529673A7F00BC39C6 /* ViewModel */,
			);
			path = UploadTweet;
			sourceTree = "<group>";
		};
		BBCED40529673A7F00BC39C6 /* ViewModel */ = {
			isa = PBXGroup;
			children = (
			);
			path = ViewModel;
			sourceTree = "<group>";
		};
		BBCED40629673A8100BC39C6 /* Views */ = {
			isa = PBXGroup;
			children = (
				BBCED40729673B4100BC39C6 /* NewTweetView.swift */,
			);
			path = Views;
			sourceTree = "<group>";
		};
		BBCED409296774ED00BC39C6 /* ViewModels */ = {
			isa = PBXGroup;
			children = (
			);
			path = ViewModels;
			sourceTree = "<group>";
		};
		BBCED40A2967750000BC39C6 /* ViewModels */ = {
			isa = PBXGroup;
			children = (
				BB87B3DD299FF5A300E8ABB5 /* ExploreViewModel.swift */,
			);
			path = ViewModels;
			sourceTree = "<group>";
		};
		BBCED40B2967750200BC39C6 /* Views */ = {
			isa = PBXGroup;
			children = (
				BB068AF12963785E00CF2FF8 /* ExploreView.swift */,
			);
			path = Views;
			sourceTree = "<group>";
		};
		BBCED40E29677DD100BC39C6 /* Authentication */ = {
			isa = PBXGroup;
			children = (
				BBCED41029677DDF00BC39C6 /* Views */,
				BBCED40F29677DDD00BC39C6 /* ViewModels */,
			);
			path = Authentication;
			sourceTree = "<group>";
		};
		BBCED40F29677DDD00BC39C6 /* ViewModels */ = {
			isa = PBXGroup;
			children = (
				BB7E912B2974891500CAB396 /* AuthViewModel.swift */,
				BBCED41A2970C7E300BC39C6 /* AuthHeaderView.swift */,
			);
			path = ViewModels;
			sourceTree = "<group>";
		};
		BBCED41029677DDF00BC39C6 /* Views */ = {
			isa = PBXGroup;
			children = (
				BBCED411296874F900BC39C6 /* LoginView.swift */,
				BBCED4132968750500BC39C6 /* RegistrationView.swift */,
				BB7E912D2975C82500CAB396 /* PhotoSelectorView.swift */,
			);
			path = Views;
			sourceTree = "<group>";
		};
		BBCED4192970C7CB00BC39C6 /* Authentication */ = {
			isa = PBXGroup;
			children = (
			);
			path = Authentication;
			sourceTree = "<group>";
		};
/* End PBXGroup section */

/* Begin PBXNativeTarget section */
		BB068ACB2962722D00CF2FF8 /* Twitter */ = {
			isa = PBXNativeTarget;
			buildConfigurationList = BB068ADA2962723000CF2FF8 /* Build configuration list for PBXNativeTarget "Twitter" */;
			buildPhases = (
				BB068AC82962722D00CF2FF8 /* Sources */,
				BB068AC92962722D00CF2FF8 /* Frameworks */,
				BB068ACA2962722D00CF2FF8 /* Resources */,
			);
			buildRules = (
			);
			dependencies = (
			);
			name = Twitter;
			packageProductDependencies = (
				BBCED42029720BF300BC39C6 /* FirebaseAuth */,
				BBCED42229720BF300BC39C6 /* FirebaseFirestore */,
				BBCED42429720BF300BC39C6 /* FirebaseFirestoreSwift-Beta */,
				BBCED42629720BF300BC39C6 /* FirebaseStorage */,
				BB1998E72985E5BC0045B6FA /* Kingfisher */,
			);
			productName = Twitter;
			productReference = BB068ACC2962722D00CF2FF8 /* Twitter.app */;
			productType = "com.apple.product-type.application";
		};
/* End PBXNativeTarget section */

/* Begin PBXProject section */
		BB068AC42962722D00CF2FF8 /* Project object */ = {
			isa = PBXProject;
			attributes = {
				BuildIndependentTargetsInParallel = 1;
				LastSwiftUpdateCheck = 1320;
				LastUpgradeCheck = 1320;
				TargetAttributes = {
					BB068ACB2962722D00CF2FF8 = {
						CreatedOnToolsVersion = 13.2.1;
					};
				};
			};
			buildConfigurationList = BB068AC72962722D00CF2FF8 /* Build configuration list for PBXProject "Twitter" */;
			compatibilityVersion = "Xcode 13.0";
			developmentRegion = en;
			hasScannedForEncodings = 0;
			knownRegions = (
				en,
				Base,
			);
			mainGroup = BB068AC32962722D00CF2FF8;
			packageReferences = (
				BBCED41F29720BF300BC39C6 /* XCRemoteSwiftPackageReference "firebase-ios-sdk" */,
				BB1998E62985E5BC0045B6FA /* XCRemoteSwiftPackageReference "Kingfisher" */,
			);
			productRefGroup = BB068ACD2962722D00CF2FF8 /* Products */;
			projectDirPath = "";
			projectRoot = "";
			targets = (
				BB068ACB2962722D00CF2FF8 /* Twitter */,
			);
		};
/* End PBXProject section */

/* Begin PBXResourcesBuildPhase section */
		BB068ACA2962722D00CF2FF8 /* Resources */ = {
			isa = PBXResourcesBuildPhase;
			buildActionMask = 2147483647;
			files = (
				BB068AD72962723000CF2FF8 /* Preview Assets.xcassets in Resources */,
				BB068AD42962723000CF2FF8 /* Assets.xcassets in Resources */,
				BBCED41D2971F15D00BC39C6 /* GoogleService-Info.plist in Resources */,
			);
			runOnlyForDeploymentPostprocessing = 0;
		};
/* End PBXResourcesBuildPhase section */

/* Begin PBXSourcesBuildPhase section */
		BB068AC82962722D00CF2FF8 /* Sources */ = {
			isa = PBXSourcesBuildPhase;
			buildActionMask = 2147483647;
			files = (
				BB068AF6296378A400CF2FF8 /* MessagesView.swift in Sources */,
				BBCED4032966578200BC39C6 /* SideMenuItemRow.swift in Sources */,
				BB1998E3298045F60045B6FA /* UserService.swift in Sources */,
				BB068AD22962722D00CF2FF8 /* ContentView.swift in Sources */,
				BB068AE92962749200CF2FF8 /* TweetsRowView.swift in Sources */,
				BB068B082964886E00CF2FF8 /* SideMenuRowView.swift in Sources */,
				BB1998E1297E345B0045B6FA /* ImageUploader.swift in Sources */,
				BB068AE6296272D400CF2FF8 /* FeedView.swift in Sources */,
				BBCED4182970B1E200BC39C6 /* CustomInputField.swift in Sources */,
				BB068AFC2963C7F800CF2FF8 /* TweetFilterViewModel.swift in Sources */,
				BBCED40D2967760400BC39C6 /* TextArea.swift in Sources */,
				BB068AD02962722D00CF2FF8 /* TwitterApp.swift in Sources */,
				BB87B3DE299FF5A300E8ABB5 /* ExploreViewModel.swift in Sources */,
				BB068B062964885F00CF2FF8 /* SideMenuView.swift in Sources */,
				BBCED40829673B4100BC39C6 /* NewTweetView.swift in Sources */,
				BB068AFA29637C6A00CF2FF8 /* ProfileView.swift in Sources */,
				BB068AF22963785E00CF2FF8 /* ExploreView.swift in Sources */,
				BB87B3E029A2AF7900E8ABB5 /* SearchBar.swift in Sources */,
				BB068B0A2964887800CF2FF8 /* SideMenuViewModel.swift in Sources */,
				BBCED416296DD18100BC39C6 /* RoundedShape.swift in Sources */,
				BB068B01296429CD00CF2FF8 /* UserRowView.swift in Sources */,
				BB068AEC296373A400CF2FF8 /* MainTabView.swift in Sources */,
				BB1998E52985D19E0045B6FA /* User.swift in Sources */,
				BBCED412296874F900BC39C6 /* LoginView.swift in Sources */,
				BB068AF42963789300CF2FF8 /* NotificationsView.swift in Sources */,
				BB7E912C2974891500CAB396 /* AuthViewModel.swift in Sources */,
				BBCED41B2970C7E300BC39C6 /* AuthHeaderView.swift in Sources */,
				BB068B0C2964A4CD00CF2FF8 /* UserStatsView.swift in Sources */,
				BBCED4142968750500BC39C6 /* RegistrationView.swift in Sources */,
				BB7E912E2975C82500CAB396 /* PhotoSelectorView.swift in Sources */,
			);
			runOnlyForDeploymentPostprocessing = 0;
		};
/* End PBXSourcesBuildPhase section */

/* Begin XCBuildConfiguration section */
		BB068AD82962723000CF2FF8 /* Debug */ = {
			isa = XCBuildConfiguration;
			buildSettings = {
				ALWAYS_SEARCH_USER_PATHS = NO;
				CLANG_ANALYZER_NONNULL = YES;
				CLANG_ANALYZER_NUMBER_OBJECT_CONVERSION = YES_AGGRESSIVE;
				CLANG_CXX_LANGUAGE_STANDARD = "gnu++17";
				CLANG_CXX_LIBRARY = "libc++";
				CLANG_ENABLE_MODULES = YES;
				CLANG_ENABLE_OBJC_ARC = YES;
				CLANG_ENABLE_OBJC_WEAK = YES;
				CLANG_WARN_BLOCK_CAPTURE_AUTORELEASING = YES;
				CLANG_WARN_BOOL_CONVERSION = YES;
				CLANG_WARN_COMMA = YES;
				CLANG_WARN_CONSTANT_CONVERSION = YES;
				CLANG_WARN_DEPRECATED_OBJC_IMPLEMENTATIONS = YES;
				CLANG_WARN_DIRECT_OBJC_ISA_USAGE = YES_ERROR;
				CLANG_WARN_DOCUMENTATION_COMMENTS = YES;
				CLANG_WARN_EMPTY_BODY = YES;
				CLANG_WARN_ENUM_CONVERSION = YES;
				CLANG_WARN_INFINITE_RECURSION = YES;
				CLANG_WARN_INT_CONVERSION = YES;
				CLANG_WARN_NON_LITERAL_NULL_CONVERSION = YES;
				CLANG_WARN_OBJC_IMPLICIT_RETAIN_SELF = YES;
				CLANG_WARN_OBJC_LITERAL_CONVERSION = YES;
				CLANG_WARN_OBJC_ROOT_CLASS = YES_ERROR;
				CLANG_WARN_QUOTED_INCLUDE_IN_FRAMEWORK_HEADER = YES;
				CLANG_WARN_RANGE_LOOP_ANALYSIS = YES;
				CLANG_WARN_STRICT_PROTOTYPES = YES;
				CLANG_WARN_SUSPICIOUS_MOVE = YES;
				CLANG_WARN_UNGUARDED_AVAILABILITY = YES_AGGRESSIVE;
				CLANG_WARN_UNREACHABLE_CODE = YES;
				CLANG_WARN__DUPLICATE_METHOD_MATCH = YES;
				COPY_PHASE_STRIP = NO;
				DEBUG_INFORMATION_FORMAT = dwarf;
				ENABLE_STRICT_OBJC_MSGSEND = YES;
				ENABLE_TESTABILITY = YES;
				GCC_C_LANGUAGE_STANDARD = gnu11;
				GCC_DYNAMIC_NO_PIC = NO;
				GCC_NO_COMMON_BLOCKS = YES;
				GCC_OPTIMIZATION_LEVEL = 0;
				GCC_PREPROCESSOR_DEFINITIONS = (
					"DEBUG=1",
					"$(inherited)",
				);
				GCC_WARN_64_TO_32_BIT_CONVERSION = YES;
				GCC_WARN_ABOUT_RETURN_TYPE = YES_ERROR;
				GCC_WARN_UNDECLARED_SELECTOR = YES;
				GCC_WARN_UNINITIALIZED_AUTOS = YES_AGGRESSIVE;
				GCC_WARN_UNUSED_FUNCTION = YES;
				GCC_WARN_UNUSED_VARIABLE = YES;
				IPHONEOS_DEPLOYMENT_TARGET = 16.0;
				MTL_ENABLE_DEBUG_INFO = INCLUDE_SOURCE;
				MTL_FAST_MATH = YES;
				ONLY_ACTIVE_ARCH = YES;
				SDKROOT = iphoneos;
				SWIFT_ACTIVE_COMPILATION_CONDITIONS = DEBUG;
				SWIFT_OPTIMIZATION_LEVEL = "-Onone";
			};
			name = Debug;
		};
		BB068AD92962723000CF2FF8 /* Release */ = {
			isa = XCBuildConfiguration;
			buildSettings = {
				ALWAYS_SEARCH_USER_PATHS = NO;
				CLANG_ANALYZER_NONNULL = YES;
				CLANG_ANALYZER_NUMBER_OBJECT_CONVERSION = YES_AGGRESSIVE;
				CLANG_CXX_LANGUAGE_STANDARD = "gnu++17";
				CLANG_CXX_LIBRARY = "libc++";
				CLANG_ENABLE_MODULES = YES;
				CLANG_ENABLE_OBJC_ARC = YES;
				CLANG_ENABLE_OBJC_WEAK = YES;
				CLANG_WARN_BLOCK_CAPTURE_AUTORELEASING = YES;
				CLANG_WARN_BOOL_CONVERSION = YES;
				CLANG_WARN_COMMA = YES;
				CLANG_WARN_CONSTANT_CONVERSION = YES;
				CLANG_WARN_DEPRECATED_OBJC_IMPLEMENTATIONS = YES;
				CLANG_WARN_DIRECT_OBJC_ISA_USAGE = YES_ERROR;
				CLANG_WARN_DOCUMENTATION_COMMENTS = YES;
				CLANG_WARN_EMPTY_BODY = YES;
				CLANG_WARN_ENUM_CONVERSION = YES;
				CLANG_WARN_INFINITE_RECURSION = YES;
				CLANG_WARN_INT_CONVERSION = YES;
				CLANG_WARN_NON_LITERAL_NULL_CONVERSION = YES;
				CLANG_WARN_OBJC_IMPLICIT_RETAIN_SELF = YES;
				CLANG_WARN_OBJC_LITERAL_CONVERSION = YES;
				CLANG_WARN_OBJC_ROOT_CLASS = YES_ERROR;
				CLANG_WARN_QUOTED_INCLUDE_IN_FRAMEWORK_HEADER = YES;
				CLANG_WARN_RANGE_LOOP_ANALYSIS = YES;
				CLANG_WARN_STRICT_PROTOTYPES = YES;
				CLANG_WARN_SUSPICIOUS_MOVE = YES;
				CLANG_WARN_UNGUARDED_AVAILABILITY = YES_AGGRESSIVE;
				CLANG_WARN_UNREACHABLE_CODE = YES;
				CLANG_WARN__DUPLICATE_METHOD_MATCH = YES;
				COPY_PHASE_STRIP = NO;
				DEBUG_INFORMATION_FORMAT = "dwarf-with-dsym";
				ENABLE_NS_ASSERTIONS = NO;
				ENABLE_STRICT_OBJC_MSGSEND = YES;
				GCC_C_LANGUAGE_STANDARD = gnu11;
				GCC_NO_COMMON_BLOCKS = YES;
				GCC_WARN_64_TO_32_BIT_CONVERSION = YES;
				GCC_WARN_ABOUT_RETURN_TYPE = YES_ERROR;
				GCC_WARN_UNDECLARED_SELECTOR = YES;
				GCC_WARN_UNINITIALIZED_AUTOS = YES_AGGRESSIVE;
				GCC_WARN_UNUSED_FUNCTION = YES;
				GCC_WARN_UNUSED_VARIABLE = YES;
				IPHONEOS_DEPLOYMENT_TARGET = 16.0;
				MTL_ENABLE_DEBUG_INFO = NO;
				MTL_FAST_MATH = YES;
				SDKROOT = iphoneos;
				SWIFT_COMPILATION_MODE = wholemodule;
				SWIFT_OPTIMIZATION_LEVEL = "-O";
				VALIDATE_PRODUCT = YES;
			};
			name = Release;
		};
		BB068ADB2962723000CF2FF8 /* Debug */ = {
			isa = XCBuildConfiguration;
			buildSettings = {
				ASSETCATALOG_COMPILER_APPICON_NAME = AppIcon;
				ASSETCATALOG_COMPILER_GLOBAL_ACCENT_COLOR_NAME = AccentColor;
				CODE_SIGN_STYLE = Automatic;
				CURRENT_PROJECT_VERSION = 1;
				DEVELOPMENT_ASSET_PATHS = "\"Twitter/Preview Content\"";
				DEVELOPMENT_TEAM = AZLMR7ABL4;
				ENABLE_PREVIEWS = YES;
				GENERATE_INFOPLIST_FILE = YES;
				INFOPLIST_KEY_UIApplicationSceneManifest_Generation = YES;
				INFOPLIST_KEY_UIApplicationSupportsIndirectInputEvents = YES;
				INFOPLIST_KEY_UILaunchScreen_Generation = YES;
				INFOPLIST_KEY_UISupportedInterfaceOrientations_iPad = "UIInterfaceOrientationPortrait UIInterfaceOrientationPortraitUpsideDown UIInterfaceOrientationLandscapeLeft UIInterfaceOrientationLandscapeRight";
				INFOPLIST_KEY_UISupportedInterfaceOrientations_iPhone = "UIInterfaceOrientationPortrait UIInterfaceOrientationLandscapeLeft UIInterfaceOrientationLandscapeRight";
				LD_RUNPATH_SEARCH_PATHS = (
					"$(inherited)",
					"@executable_path/Frameworks",
				);
				MARKETING_VERSION = 1.0;
				PRODUCT_BUNDLE_IDENTIFIER = com.oakmontblue.flitter;
				PRODUCT_NAME = "$(TARGET_NAME)";
				SWIFT_EMIT_LOC_STRINGS = YES;
				SWIFT_VERSION = 5.0;
				TARGETED_DEVICE_FAMILY = "1,2";
			};
			name = Debug;
		};
		BB068ADC2962723000CF2FF8 /* Release */ = {
			isa = XCBuildConfiguration;
			buildSettings = {
				ASSETCATALOG_COMPILER_APPICON_NAME = AppIcon;
				ASSETCATALOG_COMPILER_GLOBAL_ACCENT_COLOR_NAME = AccentColor;
				CODE_SIGN_STYLE = Automatic;
				CURRENT_PROJECT_VERSION = 1;
				DEVELOPMENT_ASSET_PATHS = "\"Twitter/Preview Content\"";
				DEVELOPMENT_TEAM = AZLMR7ABL4;
				ENABLE_PREVIEWS = YES;
				GENERATE_INFOPLIST_FILE = YES;
				INFOPLIST_KEY_UIApplicationSceneManifest_Generation = YES;
				INFOPLIST_KEY_UIApplicationSupportsIndirectInputEvents = YES;
				INFOPLIST_KEY_UILaunchScreen_Generation = YES;
				INFOPLIST_KEY_UISupportedInterfaceOrientations_iPad = "UIInterfaceOrientationPortrait UIInterfaceOrientationPortraitUpsideDown UIInterfaceOrientationLandscapeLeft UIInterfaceOrientationLandscapeRight";
				INFOPLIST_KEY_UISupportedInterfaceOrientations_iPhone = "UIInterfaceOrientationPortrait UIInterfaceOrientationLandscapeLeft UIInterfaceOrientationLandscapeRight";
				LD_RUNPATH_SEARCH_PATHS = (
					"$(inherited)",
					"@executable_path/Frameworks",
				);
				MARKETING_VERSION = 1.0;
				PRODUCT_BUNDLE_IDENTIFIER = com.oakmontblue.flitter;
				PRODUCT_NAME = "$(TARGET_NAME)";
				SWIFT_EMIT_LOC_STRINGS = YES;
				SWIFT_VERSION = 5.0;
				TARGETED_DEVICE_FAMILY = "1,2";
			};
			name = Release;
		};
/* End XCBuildConfiguration section */

/* Begin XCConfigurationList section */
		BB068AC72962722D00CF2FF8 /* Build configuration list for PBXProject "Twitter" */ = {
			isa = XCConfigurationList;
			buildConfigurations = (
				BB068AD82962723000CF2FF8 /* Debug */,
				BB068AD92962723000CF2FF8 /* Release */,
			);
			defaultConfigurationIsVisible = 0;
			defaultConfigurationName = Release;
		};
		BB068ADA2962723000CF2FF8 /* Build configuration list for PBXNativeTarget "Twitter" */ = {
			isa = XCConfigurationList;
			buildConfigurations = (
				BB068ADB2962723000CF2FF8 /* Debug */,
				BB068ADC2962723000CF2FF8 /* Release */,
			);
			defaultConfigurationIsVisible = 0;
			defaultConfigurationName = Release;
		};
/* End XCConfigurationList section */

/* Begin XCRemoteSwiftPackageReference section */
		BB1998E62985E5BC0045B6FA /* XCRemoteSwiftPackageReference "Kingfisher" */ = {
			isa = XCRemoteSwiftPackageReference;
			repositoryURL = "https://github.com/onevcat/Kingfisher.git";
			requirement = {
				kind = upToNextMajorVersion;
				minimumVersion = 7.0.0;
			};
		};
		BBCED41F29720BF300BC39C6 /* XCRemoteSwiftPackageReference "firebase-ios-sdk" */ = {
			isa = XCRemoteSwiftPackageReference;
			repositoryURL = "https://github.com/firebase/firebase-ios-sdk";
			requirement = {
				kind = upToNextMajorVersion;
				minimumVersion = 8.9.0;
			};
		};
/* End XCRemoteSwiftPackageReference section */

/* Begin XCSwiftPackageProductDependency section */
		BB1998E72985E5BC0045B6FA /* Kingfisher */ = {
			isa = XCSwiftPackageProductDependency;
			package = BB1998E62985E5BC0045B6FA /* XCRemoteSwiftPackageReference "Kingfisher" */;
			productName = Kingfisher;
		};
		BBCED42029720BF300BC39C6 /* FirebaseAuth */ = {
			isa = XCSwiftPackageProductDependency;
			package = BBCED41F29720BF300BC39C6 /* XCRemoteSwiftPackageReference "firebase-ios-sdk" */;
			productName = FirebaseAuth;
		};
		BBCED42229720BF300BC39C6 /* FirebaseFirestore */ = {
			isa = XCSwiftPackageProductDependency;
			package = BBCED41F29720BF300BC39C6 /* XCRemoteSwiftPackageReference "firebase-ios-sdk" */;
			productName = FirebaseFirestore;
		};
		BBCED42429720BF300BC39C6 /* FirebaseFirestoreSwift-Beta */ = {
			isa = XCSwiftPackageProductDependency;
			package = BBCED41F29720BF300BC39C6 /* XCRemoteSwiftPackageReference "firebase-ios-sdk" */;
			productName = "FirebaseFirestoreSwift-Beta";
		};
		BBCED42629720BF300BC39C6 /* FirebaseStorage */ = {
			isa = XCSwiftPackageProductDependency;
			package = BBCED41F29720BF300BC39C6 /* XCRemoteSwiftPackageReference "firebase-ios-sdk" */;
			productName = FirebaseStorage;
		};
/* End XCSwiftPackageProductDependency section */
	};
	rootObject = BB068AC42962722D00CF2FF8 /* Project object */;
}
